hash: 9e5e92d6d395fa7b6bfc483c8cffb9155e7254b984d59fa0683f88b65389e295
updated: 2016-11-02T17:29:03.208693182-07:00
imports:
- name: github.com/coreos/go-systemd
  version: 64d5cd7cb947834ef93874e82745c42ad6de4d0e
  subpackages:
  - activation
  - util
- name: github.com/coreos/pkg
  version: 447b7ec906e523386d9c53be15b55a8ae86ea944
  subpackages:
  - dlopen
- name: github.com/docker/distribution
  version: fbe6e8d212ed880cf7f7c9f876ba9b15c8221c5f
  subpackages:
  - digest
  - reference
- name: github.com/docker/engine-api
  version: 3d1601b9d2436a70b0dfc045a23f6503d19195df
  subpackages:
  - client
  - client/transport
  - client/transport/cancellable
  - types
  - types/blkiodev
  - types/container
  - types/filters
  - types/network
  - types/reference
  - types/registry
  - types/strslice
  - types/swarm
  - types/time
  - types/versions
- name: github.com/docker/go-connections
  version: f512407a188ecb16f31a33dbc9c4e4814afc1b03
  subpackages:
  - nat
  - sockets
  - tlsconfig
- name: github.com/docker/go-plugins-helpers
  version: 60d242cfd0fb30e5002fbf76bf6872e81e85adba
  subpackages:
  - sdk
  - volume
- name: github.com/docker/go-units
  version: 8a7beacffa3009a9ac66bad506b18ffdd110cf97
- name: github.com/fatih/color
  version: dea9d3a26a087187530244679c1cfb3a42937794
- name: github.com/mattn/go-colorable
  version: 6e26b354bd2b0fc420cb632b0d878abccdc6544c
- name: github.com/mattn/go-isatty
  version: 66b8e73f3f5cda9f96b69efd03dd3d7fc4a5cdb8
- name: github.com/Microsoft/go-winio
  version: ce2922f643c8fd76b46cadc7f404a06282678b34
- name: github.com/opencontainers/runc
  version: 49ed0a10e4edba88f9221ec730d668099f6d6de8
  subpackages:
  - libcontainer/user
- name: github.com/Sirupsen/logrus
  version: 55eb11d21d2a31a3cc93838241d04800f52e823d
  subpackages:
  - formatters/logstash
- name: golang.org/x/net
  version: 4876518f9e71663000c348837735820161a42df7
  subpackages:
  - context
  - proxy
- name: golang.org/x/sys
  version: c200b10b5d5e122be351b67af224adc6128af5bf
  subpackages:
  - unix
  - windows
testImports: []
